// !$*UTF8*$!
{
	archiveVersion = 1;
	classes = {
	};
	objectVersion = 56;
	objects = {

/* Begin PBXBuildFile section */
		F512E7CE2BB95EBE00C9FBAA /* CheckMarkImage.swift in Sources */ = {isa = PBXBuildFile; fileRef = F512E7CD2BB95EBE00C9FBAA /* CheckMarkImage.swift */; };
		F512E7D02BB98C5000C9FBAA /* MainViewModel.swift in Sources */ = {isa = PBXBuildFile; fileRef = F512E7CF2BB98C5000C9FBAA /* MainViewModel.swift */; };
		F5286CCA2C2DC44D00541793 /* TasksViewModel.swift in Sources */ = {isa = PBXBuildFile; fileRef = F5286CC92C2DC44D00541793 /* TasksViewModel.swift */; };
		F5286CCC2C2DD97900541793 /* TaskCellViewModel.swift in Sources */ = {isa = PBXBuildFile; fileRef = F5286CCB2C2DD97900541793 /* TaskCellViewModel.swift */; };
		F52A0BE52C038CB5005C2DBB /* EnvironmentValues.swift in Sources */ = {isa = PBXBuildFile; fileRef = F52A0BE42C038CB5005C2DBB /* EnvironmentValues.swift */; };
		F542A7532C36F55F00A38A32 /* CalendarView.swift in Sources */ = {isa = PBXBuildFile; fileRef = F542A7522C36F55F00A38A32 /* CalendarView.swift */; };
		F5467DF72C3ABBA700537E08 /* CalendarTasksViewModel.swift in Sources */ = {isa = PBXBuildFile; fileRef = F5467DF62C3ABBA700537E08 /* CalendarTasksViewModel.swift */; };
		F554A1DD2C0F744E00AE506A /* RoundedContextView.swift in Sources */ = {isa = PBXBuildFile; fileRef = F554A1DC2C0F744E00AE506A /* RoundedContextView.swift */; };
		F55B645E2C2C6CF900C6336E /* TaskDetalisViewModel.swift in Sources */ = {isa = PBXBuildFile; fileRef = F55B645D2C2C6CF900C6336E /* TaskDetalisViewModel.swift */; };
		F588C18C2C3C4ACA006B5FB8 /* CategoryView.swift in Sources */ = {isa = PBXBuildFile; fileRef = F588C18B2C3C4ACA006B5FB8 /* CategoryView.swift */; };
		F5A254A22B8B88790076F694 /* ToDoPlannerApp.swift in Sources */ = {isa = PBXBuildFile; fileRef = F5A254A12B8B88790076F694 /* ToDoPlannerApp.swift */; };
		F5A254A42B8B88790076F694 /* TasksView.swift in Sources */ = {isa = PBXBuildFile; fileRef = F5A254A32B8B88790076F694 /* TasksView.swift */; };
		F5A254A62B8B887A0076F694 /* Assets.xcassets in Resources */ = {isa = PBXBuildFile; fileRef = F5A254A52B8B887A0076F694 /* Assets.xcassets */; };
		F5A254A92B8B887A0076F694 /* Preview Assets.xcassets in Resources */ = {isa = PBXBuildFile; fileRef = F5A254A82B8B887A0076F694 /* Preview Assets.xcassets */; };
		F5A254B12B8B8BC90076F694 /* .gitignore in Resources */ = {isa = PBXBuildFile; fileRef = F5A254B02B8B8BC90076F694 /* .gitignore */; };
		F5A6FD482C2F15D1009E6DBC /* CalendarTasksView.swift in Sources */ = {isa = PBXBuildFile; fileRef = F5A6FD472C2F15D1009E6DBC /* CalendarTasksView.swift */; };
		F5C02B122BFB45D900C85C20 /* PlaceholderTextEditor.swift in Sources */ = {isa = PBXBuildFile; fileRef = F5C02B112BFB45D900C85C20 /* PlaceholderTextEditor.swift */; };
		F5C02B162BFB6A2900C85C20 /* TaskDetailsCell.swift in Sources */ = {isa = PBXBuildFile; fileRef = F5C02B152BFB6A2900C85C20 /* TaskDetailsCell.swift */; };
		F5D54EF42BAB379000D49CF1 /* TaskCell.swift in Sources */ = {isa = PBXBuildFile; fileRef = F5D54EF32BAB379000D49CF1 /* TaskCell.swift */; };
		F5DF923C2B8D027B00137855 /* ToDoTask.swift in Sources */ = {isa = PBXBuildFile; fileRef = F5DF923B2B8D027B00137855 /* ToDoTask.swift */; };
		F5E92F9A2BBC7F0400803BFB /* AddTaskImage.swift in Sources */ = {isa = PBXBuildFile; fileRef = F5E92F992BBC7F0400803BFB /* AddTaskImage.swift */; };
		F5E92F9C2BBF1E8200803BFB /* MainView.swift in Sources */ = {isa = PBXBuildFile; fileRef = F5E92F9B2BBF1E8200803BFB /* MainView.swift */; };
		F5E92FA12BBF217300803BFB /* TaskDetailsView.swift in Sources */ = {isa = PBXBuildFile; fileRef = F5E92FA02BBF217300803BFB /* TaskDetailsView.swift */; };
		F5FE5A9B2BBAAE41002EEF59 /* Animation+Extension.swift in Sources */ = {isa = PBXBuildFile; fileRef = F5FE5A9A2BBAAE41002EEF59 /* Animation+Extension.swift */; };
		F5FE5A9F2BBB0724002EEF59 /* NumericDateFormatter.swift in Sources */ = {isa = PBXBuildFile; fileRef = F5FE5A9E2BBB0724002EEF59 /* NumericDateFormatter.swift */; };
/* End PBXBuildFile section */

/* Begin PBXFileReference section */
		F512E7CD2BB95EBE00C9FBAA /* CheckMarkImage.swift */ = {isa = PBXFileReference; lastKnownFileType = sourcecode.swift; path = CheckMarkImage.swift; sourceTree = "<group>"; };
		F512E7CF2BB98C5000C9FBAA /* MainViewModel.swift */ = {isa = PBXFileReference; fileEncoding = 4; lastKnownFileType = sourcecode.swift; path = MainViewModel.swift; sourceTree = "<group>"; };
		F5286CC92C2DC44D00541793 /* TasksViewModel.swift */ = {isa = PBXFileReference; lastKnownFileType = sourcecode.swift; path = TasksViewModel.swift; sourceTree = "<group>"; };
		F5286CCB2C2DD97900541793 /* TaskCellViewModel.swift */ = {isa = PBXFileReference; lastKnownFileType = sourcecode.swift; path = TaskCellViewModel.swift; sourceTree = "<group>"; };
		F52A0BE42C038CB5005C2DBB /* EnvironmentValues.swift */ = {isa = PBXFileReference; lastKnownFileType = sourcecode.swift; path = EnvironmentValues.swift; sourceTree = "<group>"; };
		F542A7522C36F55F00A38A32 /* CalendarView.swift */ = {isa = PBXFileReference; lastKnownFileType = sourcecode.swift; path = CalendarView.swift; sourceTree = "<group>"; };
		F5467DF62C3ABBA700537E08 /* CalendarTasksViewModel.swift */ = {isa = PBXFileReference; lastKnownFileType = sourcecode.swift; path = CalendarTasksViewModel.swift; sourceTree = "<group>"; };
		F554A1DC2C0F744E00AE506A /* RoundedContextView.swift */ = {isa = PBXFileReference; lastKnownFileType = sourcecode.swift; path = RoundedContextView.swift; sourceTree = "<group>"; };
		F55B645D2C2C6CF900C6336E /* TaskDetalisViewModel.swift */ = {isa = PBXFileReference; lastKnownFileType = sourcecode.swift; path = TaskDetalisViewModel.swift; sourceTree = "<group>"; };
		F588C18B2C3C4ACA006B5FB8 /* CategoryView.swift */ = {isa = PBXFileReference; lastKnownFileType = sourcecode.swift; path = CategoryView.swift; sourceTree = "<group>"; };
		F5A2549E2B8B88790076F694 /* ToDoPlanner.app */ = {isa = PBXFileReference; explicitFileType = wrapper.application; includeInIndex = 0; path = ToDoPlanner.app; sourceTree = BUILT_PRODUCTS_DIR; };
		F5A254A12B8B88790076F694 /* ToDoPlannerApp.swift */ = {isa = PBXFileReference; lastKnownFileType = sourcecode.swift; path = ToDoPlannerApp.swift; sourceTree = "<group>"; };
		F5A254A32B8B88790076F694 /* TasksView.swift */ = {isa = PBXFileReference; lastKnownFileType = sourcecode.swift; path = TasksView.swift; sourceTree = "<group>"; };
		F5A254A52B8B887A0076F694 /* Assets.xcassets */ = {isa = PBXFileReference; lastKnownFileType = folder.assetcatalog; path = Assets.xcassets; sourceTree = "<group>"; };
		F5A254A82B8B887A0076F694 /* Preview Assets.xcassets */ = {isa = PBXFileReference; lastKnownFileType = folder.assetcatalog; path = "Preview Assets.xcassets"; sourceTree = "<group>"; };
		F5A254B02B8B8BC90076F694 /* .gitignore */ = {isa = PBXFileReference; fileEncoding = 4; lastKnownFileType = text; path = .gitignore; sourceTree = "<group>"; };
		F5A6FD472C2F15D1009E6DBC /* CalendarTasksView.swift */ = {isa = PBXFileReference; lastKnownFileType = sourcecode.swift; path = CalendarTasksView.swift; sourceTree = "<group>"; };
		F5C02B112BFB45D900C85C20 /* PlaceholderTextEditor.swift */ = {isa = PBXFileReference; lastKnownFileType = sourcecode.swift; path = PlaceholderTextEditor.swift; sourceTree = "<group>"; };
		F5C02B152BFB6A2900C85C20 /* TaskDetailsCell.swift */ = {isa = PBXFileReference; lastKnownFileType = sourcecode.swift; path = TaskDetailsCell.swift; sourceTree = "<group>"; };
		F5D54EF32BAB379000D49CF1 /* TaskCell.swift */ = {isa = PBXFileReference; lastKnownFileType = sourcecode.swift; path = TaskCell.swift; sourceTree = "<group>"; };
		F5DF923B2B8D027B00137855 /* ToDoTask.swift */ = {isa = PBXFileReference; fileEncoding = 4; lastKnownFileType = sourcecode.swift; path = ToDoTask.swift; sourceTree = "<group>"; };
		F5E92F992BBC7F0400803BFB /* AddTaskImage.swift */ = {isa = PBXFileReference; lastKnownFileType = sourcecode.swift; path = AddTaskImage.swift; sourceTree = "<group>"; };
		F5E92F9B2BBF1E8200803BFB /* MainView.swift */ = {isa = PBXFileReference; lastKnownFileType = sourcecode.swift; path = MainView.swift; sourceTree = "<group>"; };
		F5E92FA02BBF217300803BFB /* TaskDetailsView.swift */ = {isa = PBXFileReference; lastKnownFileType = sourcecode.swift; path = TaskDetailsView.swift; sourceTree = "<group>"; };
		F5FE5A9A2BBAAE41002EEF59 /* Animation+Extension.swift */ = {isa = PBXFileReference; lastKnownFileType = sourcecode.swift; path = "Animation+Extension.swift"; sourceTree = "<group>"; };
		F5FE5A9E2BBB0724002EEF59 /* NumericDateFormatter.swift */ = {isa = PBXFileReference; lastKnownFileType = sourcecode.swift; path = NumericDateFormatter.swift; sourceTree = "<group>"; };
/* End PBXFileReference section */

/* Begin PBXFrameworksBuildPhase section */
		F5A2549B2B8B88790076F694 /* Frameworks */ = {
			isa = PBXFrameworksBuildPhase;
			buildActionMask = 2147483647;
			files = (
			);
			runOnlyForDeploymentPostprocessing = 0;
		};
/* End PBXFrameworksBuildPhase section */

/* Begin PBXGroup section */
		F512E7CB2BB95DD500C9FBAA /* Helpers */ = {
			isa = PBXGroup;
			children = (
				F5FE5A992BBAAE25002EEF59 /* Extensions */,
				F512E7CC2BB95E9400C9FBAA /* Views */,
			);
			path = Helpers;
			sourceTree = "<group>";
		};
		F512E7CC2BB95E9400C9FBAA /* Views */ = {
			isa = PBXGroup;
			children = (
				F512E7CD2BB95EBE00C9FBAA /* CheckMarkImage.swift */,
				F5E92F992BBC7F0400803BFB /* AddTaskImage.swift */,
				F5C02B112BFB45D900C85C20 /* PlaceholderTextEditor.swift */,
				F554A1DC2C0F744E00AE506A /* RoundedContextView.swift */,
				F542A7522C36F55F00A38A32 /* CalendarView.swift */,
				F588C18B2C3C4ACA006B5FB8 /* CategoryView.swift */,
			);
			path = Views;
			sourceTree = "<group>";
		};
		F5A254952B8B88790076F694 = {
			isa = PBXGroup;
			children = (
				F5A254B02B8B8BC90076F694 /* .gitignore */,
				F5A254A02B8B88790076F694 /* ToDoPlanner */,
				F5A2549F2B8B88790076F694 /* Products */,
			);
			sourceTree = "<group>";
		};
		F5A2549F2B8B88790076F694 /* Products */ = {
			isa = PBXGroup;
			children = (
				F5A2549E2B8B88790076F694 /* ToDoPlanner.app */,
			);
			name = Products;
			sourceTree = "<group>";
		};
		F5A254A02B8B88790076F694 /* ToDoPlanner */ = {
			isa = PBXGroup;
			children = (
				F5A254A12B8B88790076F694 /* ToDoPlannerApp.swift */,
				F5E92F9B2BBF1E8200803BFB /* MainView.swift */,
				F512E7CF2BB98C5000C9FBAA /* MainViewModel.swift */,
				F5DF923A2B8D026F00137855 /* Models */,
				F5A6FD462C2F15B1009E6DBC /* CalendarTasksScreen */,
				F5A254B22B8B8D470076F694 /* TaskScreen */,
				F5E92F9E2BBF211A00803BFB /* TaskDetailsScreen */,
				F512E7CB2BB95DD500C9FBAA /* Helpers */,
				F5FE5A9D2BBB06AF002EEF59 /* Utility */,
				F5A254A52B8B887A0076F694 /* Assets.xcassets */,
				F5A254A72B8B887A0076F694 /* Preview Content */,
			);
			path = ToDoPlanner;
			sourceTree = "<group>";
		};
		F5A254A72B8B887A0076F694 /* Preview Content */ = {
			isa = PBXGroup;
			children = (
				F5A254A82B8B887A0076F694 /* Preview Assets.xcassets */,
			);
			path = "Preview Content";
			sourceTree = "<group>";
		};
		F5A254B22B8B8D470076F694 /* TaskScreen */ = {
			isa = PBXGroup;
			children = (
				F5A254A32B8B88790076F694 /* TasksView.swift */,
				F5286CC92C2DC44D00541793 /* TasksViewModel.swift */,
				F5D54EF32BAB379000D49CF1 /* TaskCell.swift */,
				F5286CCB2C2DD97900541793 /* TaskCellViewModel.swift */,
			);
			path = TaskScreen;
			sourceTree = "<group>";
		};
		F5A6FD462C2F15B1009E6DBC /* CalendarTasksScreen */ = {
			isa = PBXGroup;
			children = (
				F5A6FD472C2F15D1009E6DBC /* CalendarTasksView.swift */,
				F5467DF62C3ABBA700537E08 /* CalendarTasksViewModel.swift */,
			);
			path = CalendarTasksScreen;
			sourceTree = "<group>";
		};
		F5DF923A2B8D026F00137855 /* Models */ = {
			isa = PBXGroup;
			children = (
				F5DF923B2B8D027B00137855 /* ToDoTask.swift */,
			);
			path = Models;
			sourceTree = "<group>";
		};
		F5E92F9E2BBF211A00803BFB /* TaskDetailsScreen */ = {
			isa = PBXGroup;
			children = (
				F5E92FA02BBF217300803BFB /* TaskDetailsView.swift */,
				F55B645D2C2C6CF900C6336E /* TaskDetalisViewModel.swift */,
				F5C02B152BFB6A2900C85C20 /* TaskDetailsCell.swift */,
			);
			path = TaskDetailsScreen;
			sourceTree = "<group>";
		};
		F5FE5A992BBAAE25002EEF59 /* Extensions */ = {
			isa = PBXGroup;
			children = (
				F5FE5A9A2BBAAE41002EEF59 /* Animation+Extension.swift */,
				F52A0BE42C038CB5005C2DBB /* EnvironmentValues.swift */,
			);
			path = Extensions;
			sourceTree = "<group>";
		};
		F5FE5A9D2BBB06AF002EEF59 /* Utility */ = {
			isa = PBXGroup;
			children = (
				F5FE5A9E2BBB0724002EEF59 /* NumericDateFormatter.swift */,
			);
			path = Utility;
			sourceTree = "<group>";
		};
/* End PBXGroup section */

/* Begin PBXNativeTarget section */
		F5A2549D2B8B88790076F694 /* ToDoPlanner */ = {
			isa = PBXNativeTarget;
			buildConfigurationList = F5A254AC2B8B887A0076F694 /* Build configuration list for PBXNativeTarget "ToDoPlanner" */;
			buildPhases = (
				F5A2549A2B8B88790076F694 /* Sources */,
				F5A2549B2B8B88790076F694 /* Frameworks */,
				F5A2549C2B8B88790076F694 /* Resources */,
			);
			buildRules = (
			);
			dependencies = (
			);
			name = ToDoPlanner;
			productName = ToDo;
			productReference = F5A2549E2B8B88790076F694 /* ToDoPlanner.app */;
			productType = "com.apple.product-type.application";
		};
/* End PBXNativeTarget section */

/* Begin PBXProject section */
		F5A254962B8B88790076F694 /* Project object */ = {
			isa = PBXProject;
			attributes = {
				BuildIndependentTargetsInParallel = 1;
				LastSwiftUpdateCheck = 1520;
				LastUpgradeCheck = 1520;
				TargetAttributes = {
					F5A2549D2B8B88790076F694 = {
						CreatedOnToolsVersion = 15.2;
					};
				};
			};
			buildConfigurationList = F5A254992B8B88790076F694 /* Build configuration list for PBXProject "ToDoPlanner" */;
			compatibilityVersion = "Xcode 14.0";
			developmentRegion = en;
			hasScannedForEncodings = 0;
			knownRegions = (
				en,
				Base,
			);
			mainGroup = F5A254952B8B88790076F694;
			productRefGroup = F5A2549F2B8B88790076F694 /* Products */;
			projectDirPath = "";
			projectRoot = "";
			targets = (
				F5A2549D2B8B88790076F694 /* ToDoPlanner */,
			);
		};
/* End PBXProject section */

/* Begin PBXResourcesBuildPhase section */
		F5A2549C2B8B88790076F694 /* Resources */ = {
			isa = PBXResourcesBuildPhase;
			buildActionMask = 2147483647;
			files = (
				F5A254A92B8B887A0076F694 /* Preview Assets.xcassets in Resources */,
				F5A254B12B8B8BC90076F694 /* .gitignore in Resources */,
				F5A254A62B8B887A0076F694 /* Assets.xcassets in Resources */,
			);
			runOnlyForDeploymentPostprocessing = 0;
		};
/* End PBXResourcesBuildPhase section */

/* Begin PBXSourcesBuildPhase section */
		F5A2549A2B8B88790076F694 /* Sources */ = {
			isa = PBXSourcesBuildPhase;
			buildActionMask = 2147483647;
			files = (
				F5DF923C2B8D027B00137855 /* ToDoTask.swift in Sources */,
				F512E7D02BB98C5000C9FBAA /* MainViewModel.swift in Sources */,
				F5FE5A9F2BBB0724002EEF59 /* NumericDateFormatter.swift in Sources */,
				F5E92F9A2BBC7F0400803BFB /* AddTaskImage.swift in Sources */,
				F5C02B162BFB6A2900C85C20 /* TaskDetailsCell.swift in Sources */,
				F542A7532C36F55F00A38A32 /* CalendarView.swift in Sources */,
				F512E7CE2BB95EBE00C9FBAA /* CheckMarkImage.swift in Sources */,
				F52A0BE52C038CB5005C2DBB /* EnvironmentValues.swift in Sources */,
				F5A6FD482C2F15D1009E6DBC /* CalendarTasksView.swift in Sources */,
				F554A1DD2C0F744E00AE506A /* RoundedContextView.swift in Sources */,
				F5286CCC2C2DD97900541793 /* TaskCellViewModel.swift in Sources */,
				F5467DF72C3ABBA700537E08 /* CalendarTasksViewModel.swift in Sources */,
				F5A254A42B8B88790076F694 /* TasksView.swift in Sources */,
				F588C18C2C3C4ACA006B5FB8 /* CategoryView.swift in Sources */,
				F55B645E2C2C6CF900C6336E /* TaskDetalisViewModel.swift in Sources */,
				F5286CCA2C2DC44D00541793 /* TasksViewModel.swift in Sources */,
				F5E92F9C2BBF1E8200803BFB /* MainView.swift in Sources */,
				F5C02B122BFB45D900C85C20 /* PlaceholderTextEditor.swift in Sources */,
				F5E92FA12BBF217300803BFB /* TaskDetailsView.swift in Sources */,
				F5A254A22B8B88790076F694 /* ToDoPlannerApp.swift in Sources */,
				F5D54EF42BAB379000D49CF1 /* TaskCell.swift in Sources */,
				F5FE5A9B2BBAAE41002EEF59 /* Animation+Extension.swift in Sources */,
			);
			runOnlyForDeploymentPostprocessing = 0;
		};
/* End PBXSourcesBuildPhase section */

/* Begin XCBuildConfiguration section */
		F5A254AA2B8B887A0076F694 /* Debug */ = {
			isa = XCBuildConfiguration;
			buildSettings = {
				ALWAYS_SEARCH_USER_PATHS = NO;
				ASSETCATALOG_COMPILER_GENERATE_SWIFT_ASSET_SYMBOL_EXTENSIONS = YES;
				CLANG_ANALYZER_NONNULL = YES;
				CLANG_ANALYZER_NUMBER_OBJECT_CONVERSION = YES_AGGRESSIVE;
				CLANG_CXX_LANGUAGE_STANDARD = "gnu++20";
				CLANG_ENABLE_MODULES = YES;
				CLANG_ENABLE_OBJC_ARC = YES;
				CLANG_ENABLE_OBJC_WEAK = YES;
				CLANG_WARN_BLOCK_CAPTURE_AUTORELEASING = YES;
				CLANG_WARN_BOOL_CONVERSION = YES;
				CLANG_WARN_COMMA = YES;
				CLANG_WARN_CONSTANT_CONVERSION = YES;
				CLANG_WARN_DEPRECATED_OBJC_IMPLEMENTATIONS = YES;
				CLANG_WARN_DIRECT_OBJC_ISA_USAGE = YES_ERROR;
				CLANG_WARN_DOCUMENTATION_COMMENTS = YES;
				CLANG_WARN_EMPTY_BODY = YES;
				CLANG_WARN_ENUM_CONVERSION = YES;
				CLANG_WARN_INFINITE_RECURSION = YES;
				CLANG_WARN_INT_CONVERSION = YES;
				CLANG_WARN_NON_LITERAL_NULL_CONVERSION = YES;
				CLANG_WARN_OBJC_IMPLICIT_RETAIN_SELF = YES;
				CLANG_WARN_OBJC_LITERAL_CONVERSION = YES;
				CLANG_WARN_OBJC_ROOT_CLASS = YES_ERROR;
				CLANG_WARN_QUOTED_INCLUDE_IN_FRAMEWORK_HEADER = YES;
				CLANG_WARN_RANGE_LOOP_ANALYSIS = YES;
				CLANG_WARN_STRICT_PROTOTYPES = YES;
				CLANG_WARN_SUSPICIOUS_MOVE = YES;
				CLANG_WARN_UNGUARDED_AVAILABILITY = YES_AGGRESSIVE;
				CLANG_WARN_UNREACHABLE_CODE = YES;
				CLANG_WARN__DUPLICATE_METHOD_MATCH = YES;
				COPY_PHASE_STRIP = NO;
				DEBUG_INFORMATION_FORMAT = dwarf;
				ENABLE_STRICT_OBJC_MSGSEND = YES;
				ENABLE_TESTABILITY = YES;
				ENABLE_USER_SCRIPT_SANDBOXING = YES;
				GCC_C_LANGUAGE_STANDARD = gnu17;
				GCC_DYNAMIC_NO_PIC = NO;
				GCC_NO_COMMON_BLOCKS = YES;
				GCC_OPTIMIZATION_LEVEL = 0;
				GCC_PREPROCESSOR_DEFINITIONS = (
					"DEBUG=1",
					"$(inherited)",
				);
				GCC_WARN_64_TO_32_BIT_CONVERSION = YES;
				GCC_WARN_ABOUT_RETURN_TYPE = YES_ERROR;
				GCC_WARN_UNDECLARED_SELECTOR = YES;
				GCC_WARN_UNINITIALIZED_AUTOS = YES_AGGRESSIVE;
				GCC_WARN_UNUSED_FUNCTION = YES;
				GCC_WARN_UNUSED_VARIABLE = YES;
				IPHONEOS_DEPLOYMENT_TARGET = 17.0;
				LOCALIZATION_PREFERS_STRING_CATALOGS = YES;
				MTL_ENABLE_DEBUG_INFO = INCLUDE_SOURCE;
				MTL_FAST_MATH = YES;
				ONLY_ACTIVE_ARCH = YES;
				SDKROOT = iphoneos;
				SWIFT_ACTIVE_COMPILATION_CONDITIONS = "DEBUG $(inherited)";
				SWIFT_OPTIMIZATION_LEVEL = "-Onone";
			};
			name = Debug;
		};
		F5A254AB2B8B887A0076F694 /* Release */ = {
			isa = XCBuildConfiguration;
			buildSettings = {
				ALWAYS_SEARCH_USER_PATHS = NO;
				ASSETCATALOG_COMPILER_GENERATE_SWIFT_ASSET_SYMBOL_EXTENSIONS = YES;
				CLANG_ANALYZER_NONNULL = YES;
				CLANG_ANALYZER_NUMBER_OBJECT_CONVERSION = YES_AGGRESSIVE;
				CLANG_CXX_LANGUAGE_STANDARD = "gnu++20";
				CLANG_ENABLE_MODULES = YES;
				CLANG_ENABLE_OBJC_ARC = YES;
				CLANG_ENABLE_OBJC_WEAK = YES;
				CLANG_WARN_BLOCK_CAPTURE_AUTORELEASING = YES;
				CLANG_WARN_BOOL_CONVERSION = YES;
				CLANG_WARN_COMMA = YES;
				CLANG_WARN_CONSTANT_CONVERSION = YES;
				CLANG_WARN_DEPRECATED_OBJC_IMPLEMENTATIONS = YES;
				CLANG_WARN_DIRECT_OBJC_ISA_USAGE = YES_ERROR;
				CLANG_WARN_DOCUMENTATION_COMMENTS = YES;
				CLANG_WARN_EMPTY_BODY = YES;
				CLANG_WARN_ENUM_CONVERSION = YES;
				CLANG_WARN_INFINITE_RECURSION = YES;
				CLANG_WARN_INT_CONVERSION = YES;
				CLANG_WARN_NON_LITERAL_NULL_CONVERSION = YES;
				CLANG_WARN_OBJC_IMPLICIT_RETAIN_SELF = YES;
				CLANG_WARN_OBJC_LITERAL_CONVERSION = YES;
				CLANG_WARN_OBJC_ROOT_CLASS = YES_ERROR;
				CLANG_WARN_QUOTED_INCLUDE_IN_FRAMEWORK_HEADER = YES;
				CLANG_WARN_RANGE_LOOP_ANALYSIS = YES;
				CLANG_WARN_STRICT_PROTOTYPES = YES;
				CLANG_WARN_SUSPICIOUS_MOVE = YES;
				CLANG_WARN_UNGUARDED_AVAILABILITY = YES_AGGRESSIVE;
				CLANG_WARN_UNREACHABLE_CODE = YES;
				CLANG_WARN__DUPLICATE_METHOD_MATCH = YES;
				COPY_PHASE_STRIP = NO;
				DEBUG_INFORMATION_FORMAT = "dwarf-with-dsym";
				ENABLE_NS_ASSERTIONS = NO;
				ENABLE_STRICT_OBJC_MSGSEND = YES;
				ENABLE_USER_SCRIPT_SANDBOXING = YES;
				GCC_C_LANGUAGE_STANDARD = gnu17;
				GCC_NO_COMMON_BLOCKS = YES;
				GCC_WARN_64_TO_32_BIT_CONVERSION = YES;
				GCC_WARN_ABOUT_RETURN_TYPE = YES_ERROR;
				GCC_WARN_UNDECLARED_SELECTOR = YES;
				GCC_WARN_UNINITIALIZED_AUTOS = YES_AGGRESSIVE;
				GCC_WARN_UNUSED_FUNCTION = YES;
				GCC_WARN_UNUSED_VARIABLE = YES;
				IPHONEOS_DEPLOYMENT_TARGET = 17.0;
				LOCALIZATION_PREFERS_STRING_CATALOGS = YES;
				MTL_ENABLE_DEBUG_INFO = NO;
				MTL_FAST_MATH = YES;
				SDKROOT = iphoneos;
				SWIFT_COMPILATION_MODE = wholemodule;
				VALIDATE_PRODUCT = YES;
			};
			name = Release;
		};
		F5A254AD2B8B887A0076F694 /* Debug */ = {
			isa = XCBuildConfiguration;
			buildSettings = {
				ASSETCATALOG_COMPILER_APPICON_NAME = AppIcon;
				ASSETCATALOG_COMPILER_GLOBAL_ACCENT_COLOR_NAME = AccentColor;
				CODE_SIGN_STYLE = Automatic;
				CURRENT_PROJECT_VERSION = 1;
				DEVELOPMENT_ASSET_PATHS = "\"ToDoPlanner/Preview Content\"";
				DEVELOPMENT_TEAM = VQ3NGD79KV;
				ENABLE_PREVIEWS = YES;
				GENERATE_INFOPLIST_FILE = YES;
				INFOPLIST_KEY_CFBundleDisplayName = "To Do Planner";
				INFOPLIST_KEY_UIApplicationSceneManifest_Generation = YES;
				INFOPLIST_KEY_UIApplicationSupportsIndirectInputEvents = YES;
				INFOPLIST_KEY_UILaunchScreen_Generation = YES;
				INFOPLIST_KEY_UISupportedInterfaceOrientations_iPad = "UIInterfaceOrientationPortrait UIInterfaceOrientationPortraitUpsideDown UIInterfaceOrientationLandscapeLeft UIInterfaceOrientationLandscapeRight";
				INFOPLIST_KEY_UISupportedInterfaceOrientations_iPhone = "UIInterfaceOrientationPortrait UIInterfaceOrientationLandscapeLeft UIInterfaceOrientationLandscapeRight";
				INFOPLIST_KEY_UIUserInterfaceStyle = Dark;
				IPHONEOS_DEPLOYMENT_TARGET = 17.0;
				LD_RUNPATH_SEARCH_PATHS = (
					"$(inherited)",
					"@executable_path/Frameworks",
				);
				MARKETING_VERSION = 1.0;
				PRODUCT_BUNDLE_IDENTIFIER = com.vladyslavpetrenko.ToDoPlanner;
				PRODUCT_NAME = "$(TARGET_NAME)";
				SUPPORTED_PLATFORMS = "iphoneos iphonesimulator";
				SUPPORTS_MACCATALYST = NO;
				SUPPORTS_MAC_DESIGNED_FOR_IPHONE_IPAD = NO;
				SUPPORTS_XR_DESIGNED_FOR_IPHONE_IPAD = NO;
				SWIFT_EMIT_LOC_STRINGS = YES;
				SWIFT_VERSION = 5.0;
				TARGETED_DEVICE_FAMILY = 1;
			};
			name = Debug;
		};
		F5A254AE2B8B887A0076F694 /* Release */ = {
			isa = XCBuildConfiguration;
			buildSettings = {
				ASSETCATALOG_COMPILER_APPICON_NAME = AppIcon;
				ASSETCATALOG_COMPILER_GLOBAL_ACCENT_COLOR_NAME = AccentColor;
				CODE_SIGN_STYLE = Automatic;
				CURRENT_PROJECT_VERSION = 1;
				DEVELOPMENT_ASSET_PATHS = "\"ToDoPlanner/Preview Content\"";
				DEVELOPMENT_TEAM = VQ3NGD79KV;
				ENABLE_PREVIEWS = YES;
				GENERATE_INFOPLIST_FILE = YES;
				INFOPLIST_KEY_CFBundleDisplayName = "To Do Planner";
				INFOPLIST_KEY_UIApplicationSceneManifest_Generation = YES;
				INFOPLIST_KEY_UIApplicationSupportsIndirectInputEvents = YES;
				INFOPLIST_KEY_UILaunchScreen_Generation = YES;
				INFOPLIST_KEY_UISupportedInterfaceOrientations_iPad = "UIInterfaceOrientationPortrait UIInterfaceOrientationPortraitUpsideDown UIInterfaceOrientationLandscapeLeft UIInterfaceOrientationLandscapeRight";
				INFOPLIST_KEY_UISupportedInterfaceOrientations_iPhone = "UIInterfaceOrientationPortrait UIInterfaceOrientationLandscapeLeft UIInterfaceOrientationLandscapeRight";
				INFOPLIST_KEY_UIUserInterfaceStyle = Dark;
				IPHONEOS_DEPLOYMENT_TARGET = 17.0;
				LD_RUNPATH_SEARCH_PATHS = (
					"$(inherited)",
					"@executable_path/Frameworks",
				);
				MARKETING_VERSION = 1.0;
				PRODUCT_BUNDLE_IDENTIFIER = com.vladyslavpetrenko.ToDoPlanner;
				PRODUCT_NAME = "$(TARGET_NAME)";
				SUPPORTED_PLATFORMS = "iphoneos iphonesimulator";
				SUPPORTS_MACCATALYST = NO;
				SUPPORTS_MAC_DESIGNED_FOR_IPHONE_IPAD = NO;
				SUPPORTS_XR_DESIGNED_FOR_IPHONE_IPAD = NO;
				SWIFT_EMIT_LOC_STRINGS = YES;
				SWIFT_VERSION = 5.0;
				TARGETED_DEVICE_FAMILY = 1;
			};
			name = Release;
		};
/* End XCBuildConfiguration section */

/* Begin XCConfigurationList section */
		F5A254992B8B88790076F694 /* Build configuration list for PBXProject "ToDoPlanner" */ = {
			isa = XCConfigurationList;
			buildConfigurations = (
				F5A254AA2B8B887A0076F694 /* Debug */,
				F5A254AB2B8B887A0076F694 /* Release */,
			);
			defaultConfigurationIsVisible = 0;
			defaultConfigurationName = Release;
		};
		F5A254AC2B8B887A0076F694 /* Build configuration list for PBXNativeTarget "ToDoPlanner" */ = {
			isa = XCConfigurationList;
			buildConfigurations = (
				F5A254AD2B8B887A0076F694 /* Debug */,
				F5A254AE2B8B887A0076F694 /* Release */,
			);
			defaultConfigurationIsVisible = 0;
			defaultConfigurationName = Release;
		};
/* End XCConfigurationList section */
	};
	rootObject = F5A254962B8B88790076F694 /* Project object */;
}
